<Solution>
  <Folder Name="/Task0/">
    <Project Path="Tyuiu.UsoltsevME.Sprint0.Task0.V0/Tyuiu.UsoltsevME.Sprint0.Task0.V0.csproj" Id="ef45379f-f4b2-4770-89ed-60229a1c02da" />
  </Folder>
  <Folder Name="/Task1/">
    <Project Path="Tyuiu.UsoltsevME.Sprint0.Task1.V0/Tyuiu.UsoltsevME.Sprint0.Task1.V0.csproj" Id="eb8836e4-7125-427e-a0de-a10a82386702" />
  </Folder>
  <Folder Name="/Task2/">
    <Project Path="Tyuiu.UsoltsevME.Sprint0.Task2.V0.Lib/Tyuiu.UsoltsevME.Sprint0.Task2.V0.Lib.csproj" Id="aadf9ec8-6058-495d-8d07-4b9e511bf9ff" />
    <Project Path="Tyuiu.UsoltsevME.Sprint0.Task2.V0.Test/Tyuiu.UsoltsevME.Sprint0.Task2.V0.Test.csproj" Id="e7d544d5-59f3-455b-b242-3b57b3ae6b91" />
    <Project Path="Tyuiu.UsoltsevME.Sprint0.Task2.V0/Tyuiu.UsoltsevME.Sprint0.Task2.V0.csproj" Id="050a1002-7e52-4270-8e21-172de1a728f0" />
  </Folder>
  <Folder Name="/Task3/">
    <Project Path="Tyuiu.UsoltsevME.Sprint0.Task3.V0.Lib/Tyuiu.UsoltsevME.Sprint0.Task3.V0.Lib.csproj" Id="1d355d17-3eed-4aa8-82cb-d49c5f4904eb" />
    <Project Path="Tyuiu.UsoltsevME.Sprint0.Task3.V0.Test/Tyuiu.UsoltsevME.Sprint0.Task3.V0.Test.csproj" Id="eddba809-8759-41a5-9b52-c5d3cac43394" />
    <Project Path="Tyuiu.UsoltsevME.Sprint0.Task3.V0/Tyuiu.UsoltsevME.Sprint0.Task3.V0.csproj" Id="6aa4a1c3-14cb-4f8e-a0f2-9c98c8ba4cf2" />
  </Folder>
  <Folder Name="/Task4/">
    <Project Path="Tyuiu.UsoltsevME.Sprint0.Task4.V0.Lib/Tyuiu.UsoltsevME.Sprint0.Task4.V0.Lib.csproj" Id="ee742405-31d3-4c60-9044-f1c43db9a698" />
    <Project Path="Tyuiu.UsoltsevME.Sprint0.Task4.V0.Test/Tyuiu.UsoltsevME.Sprint0.Task4.V0.Test.csproj" Id="6170be94-870d-41d3-9e06-0e90c9ddf16f" />
    <Project Path="Tyuiu.UsoltsevME.Sprint0.Task4.V0/Tyuiu.UsoltsevME.Sprint0.Task4.V0.csproj" Id="db728d0e-49df-4ad8-95f8-601209b4fb26" />
  </Folder>
  <Folder Name="/Task5/">
    <Project Path="Tyuiu.UsoltsevME.Sprint0.Task5.V0.Lib/Tyuiu.UsoltsevME.Sprint0.Task5.V0.Lib.csproj" Id="2607fcf1-22d8-4af6-add6-2dafc0f897d3" />
    <Project Path="Tyuiu.UsoltsevME.Sprint0.Task5.V0.Test/Tyuiu.UsoltsevME.Sprint0.Task5.V0.Test.csproj" Id="516f3f90-54da-4d04-aa64-5e90198c28a0" />
    <Project Path="Tyuiu.UsoltsevME.Sprint0.Task5.V0/Tyuiu.UsoltsevME.Sprint0.Task5.V0.csproj" Id="24d8144c-722a-40ae-a4a9-b029031c7fc5" />
  </Folder>
</Solution>
